// !$*UTF8*$!
{
	archiveVersion = 1;
	classes = {
	};
	objectVersion = 50;
	objects = {

/* Begin PBXBuildFile section */
		8000CD1F2400BC3D00D5A954 /* URLSession+CancelAll.swift in Sources */ = {isa = PBXBuildFile; fileRef = 8000CD1E2400BC3D00D5A954 /* URLSession+CancelAll.swift */; };
		8000CD212400BEFF00D5A954 /* ListHeader.swift in Sources */ = {isa = PBXBuildFile; fileRef = 8000CD202400BEFF00D5A954 /* ListHeader.swift */; };
		8000CD232400C06B00D5A954 /* TrailingNavigationBarItems.swift in Sources */ = {isa = PBXBuildFile; fileRef = 8000CD222400C06B00D5A954 /* TrailingNavigationBarItems.swift */; };
		8000CD262400C0E700D5A954 /* SettingsSheetToggleButton.swift in Sources */ = {isa = PBXBuildFile; fileRef = 8000CD252400C0E700D5A954 /* SettingsSheetToggleButton.swift */; };
		8000CD292400C1DA00D5A954 /* SettingsSheet.swift in Sources */ = {isa = PBXBuildFile; fileRef = 8000CD282400C1DA00D5A954 /* SettingsSheet.swift */; };
		8000CD2B2400C83600D5A954 /* SearchResultDetail.swift in Sources */ = {isa = PBXBuildFile; fileRef = 8000CD2A2400C83600D5A954 /* SearchResultDetail.swift */; };
		8000CD2D2400C91700D5A954 /* SearchResultDetailItem.swift in Sources */ = {isa = PBXBuildFile; fileRef = 8000CD2C2400C91700D5A954 /* SearchResultDetailItem.swift */; };
		806DE2F723F33EE500CAF468 /* AppDelegate.swift in Sources */ = {isa = PBXBuildFile; fileRef = 806DE2F623F33EE500CAF468 /* AppDelegate.swift */; };
		806DE2F923F33EE500CAF468 /* SceneDelegate.swift in Sources */ = {isa = PBXBuildFile; fileRef = 806DE2F823F33EE500CAF468 /* SceneDelegate.swift */; };
		806DE2FB23F33EE500CAF468 /* ContentView.swift in Sources */ = {isa = PBXBuildFile; fileRef = 806DE2FA23F33EE500CAF468 /* ContentView.swift */; };
		806DE2FD23F33EE600CAF468 /* Assets.xcassets in Resources */ = {isa = PBXBuildFile; fileRef = 806DE2FC23F33EE600CAF468 /* Assets.xcassets */; };
		806DE30023F33EE600CAF468 /* Preview Assets.xcassets in Resources */ = {isa = PBXBuildFile; fileRef = 806DE2FF23F33EE600CAF468 /* Preview Assets.xcassets */; };
		806DE30323F33EE600CAF468 /* LaunchScreen.storyboard in Resources */ = {isa = PBXBuildFile; fileRef = 806DE30123F33EE600CAF468 /* LaunchScreen.storyboard */; };
		80791E2E2400ABB2006B4203 /* AppState.swift in Sources */ = {isa = PBXBuildFile; fileRef = 80791E2D2400ABB2006B4203 /* AppState.swift */; };
		80791E332400AC8E006B4203 /* SearchBar.swift in Sources */ = {isa = PBXBuildFile; fileRef = 80791E322400AC8E006B4203 /* SearchBar.swift */; };
		80791E362400ACD2006B4203 /* SearchResultListItem.swift in Sources */ = {isa = PBXBuildFile; fileRef = 80791E352400ACD2006B4203 /* SearchResultListItem.swift */; };
		809FD3D42400D37900BE0518 /* NSObject+Debounce.swift in Sources */ = {isa = PBXBuildFile; fileRef = 809FD3D32400D37900BE0518 /* NSObject+Debounce.swift */; };
		80B265BE2400AD410051AE88 /* SearchResult.swift in Sources */ = {isa = PBXBuildFile; fileRef = 80B265BD2400AD410051AE88 /* SearchResult.swift */; };
		80B265C02400AE970051AE88 /* Constants.swift in Sources */ = {isa = PBXBuildFile; fileRef = 80B265BF2400AE970051AE88 /* Constants.swift */; };
		80B265C22400AED40051AE88 /* SearchQuery.swift in Sources */ = {isa = PBXBuildFile; fileRef = 80B265C12400AED40051AE88 /* SearchQuery.swift */; };
		80B265C42400BA680051AE88 /* SystemActivityIndicator.swift in Sources */ = {isa = PBXBuildFile; fileRef = 80B265C32400BA680051AE88 /* SystemActivityIndicator.swift */; };
/* End PBXBuildFile section */

/* Begin PBXFileReference section */
		8000CD1E2400BC3D00D5A954 /* URLSession+CancelAll.swift */ = {isa = PBXFileReference; lastKnownFileType = sourcecode.swift; path = "URLSession+CancelAll.swift"; sourceTree = "<group>"; };
		8000CD202400BEFF00D5A954 /* ListHeader.swift */ = {isa = PBXFileReference; lastKnownFileType = sourcecode.swift; path = ListHeader.swift; sourceTree = "<group>"; };
		8000CD222400C06B00D5A954 /* TrailingNavigationBarItems.swift */ = {isa = PBXFileReference; lastKnownFileType = sourcecode.swift; path = TrailingNavigationBarItems.swift; sourceTree = "<group>"; };
		8000CD252400C0E700D5A954 /* SettingsSheetToggleButton.swift */ = {isa = PBXFileReference; lastKnownFileType = sourcecode.swift; path = SettingsSheetToggleButton.swift; sourceTree = "<group>"; };
		8000CD282400C1DA00D5A954 /* SettingsSheet.swift */ = {isa = PBXFileReference; lastKnownFileType = sourcecode.swift; path = SettingsSheet.swift; sourceTree = "<group>"; };
		8000CD2A2400C83600D5A954 /* SearchResultDetail.swift */ = {isa = PBXFileReference; lastKnownFileType = sourcecode.swift; path = SearchResultDetail.swift; sourceTree = "<group>"; };
		8000CD2C2400C91700D5A954 /* SearchResultDetailItem.swift */ = {isa = PBXFileReference; lastKnownFileType = sourcecode.swift; path = SearchResultDetailItem.swift; sourceTree = "<group>"; };
		806DE2F323F33EE500CAF468 /* SDAClient.app */ = {isa = PBXFileReference; explicitFileType = wrapper.application; includeInIndex = 0; path = SDAClient.app; sourceTree = BUILT_PRODUCTS_DIR; };
		806DE2F623F33EE500CAF468 /* AppDelegate.swift */ = {isa = PBXFileReference; lastKnownFileType = sourcecode.swift; path = AppDelegate.swift; sourceTree = "<group>"; };
		806DE2F823F33EE500CAF468 /* SceneDelegate.swift */ = {isa = PBXFileReference; lastKnownFileType = sourcecode.swift; path = SceneDelegate.swift; sourceTree = "<group>"; };
		806DE2FA23F33EE500CAF468 /* ContentView.swift */ = {isa = PBXFileReference; lastKnownFileType = sourcecode.swift; path = ContentView.swift; sourceTree = "<group>"; };
		806DE2FC23F33EE600CAF468 /* Assets.xcassets */ = {isa = PBXFileReference; lastKnownFileType = folder.assetcatalog; path = Assets.xcassets; sourceTree = "<group>"; };
		806DE2FF23F33EE600CAF468 /* Preview Assets.xcassets */ = {isa = PBXFileReference; lastKnownFileType = folder.assetcatalog; path = "Preview Assets.xcassets"; sourceTree = "<group>"; };
		806DE30223F33EE600CAF468 /* Base */ = {isa = PBXFileReference; lastKnownFileType = file.storyboard; name = Base; path = Base.lproj/LaunchScreen.storyboard; sourceTree = "<group>"; };
		806DE30423F33EE600CAF468 /* Info.plist */ = {isa = PBXFileReference; lastKnownFileType = text.plist.xml; path = Info.plist; sourceTree = "<group>"; };
		80791E2D2400ABB2006B4203 /* AppState.swift */ = {isa = PBXFileReference; lastKnownFileType = sourcecode.swift; path = AppState.swift; sourceTree = "<group>"; };
		80791E322400AC8E006B4203 /* SearchBar.swift */ = {isa = PBXFileReference; lastKnownFileType = sourcecode.swift; path = SearchBar.swift; sourceTree = "<group>"; };
		80791E352400ACD2006B4203 /* SearchResultListItem.swift */ = {isa = PBXFileReference; lastKnownFileType = sourcecode.swift; path = SearchResultListItem.swift; sourceTree = "<group>"; };
		809FD3D32400D37900BE0518 /* NSObject+Debounce.swift */ = {isa = PBXFileReference; lastKnownFileType = sourcecode.swift; path = "NSObject+Debounce.swift"; sourceTree = "<group>"; };
		80B265BD2400AD410051AE88 /* SearchResult.swift */ = {isa = PBXFileReference; lastKnownFileType = sourcecode.swift; path = SearchResult.swift; sourceTree = "<group>"; };
		80B265BF2400AE970051AE88 /* Constants.swift */ = {isa = PBXFileReference; lastKnownFileType = sourcecode.swift; path = Constants.swift; sourceTree = "<group>"; };
		80B265C12400AED40051AE88 /* SearchQuery.swift */ = {isa = PBXFileReference; lastKnownFileType = sourcecode.swift; path = SearchQuery.swift; sourceTree = "<group>"; };
		80B265C32400BA680051AE88 /* SystemActivityIndicator.swift */ = {isa = PBXFileReference; fileEncoding = 4; lastKnownFileType = sourcecode.swift; path = SystemActivityIndicator.swift; sourceTree = "<group>"; };
/* End PBXFileReference section */

/* Begin PBXFrameworksBuildPhase section */
		806DE2F023F33EE500CAF468 /* Frameworks */ = {
			isa = PBXFrameworksBuildPhase;
			buildActionMask = 2147483647;
			files = (
			);
			runOnlyForDeploymentPostprocessing = 0;
		};
/* End PBXFrameworksBuildPhase section */

/* Begin PBXGroup section */
		8000CD1D2400BC2E00D5A954 /* Extensions */ = {
			isa = PBXGroup;
			children = (
				8000CD1E2400BC3D00D5A954 /* URLSession+CancelAll.swift */,
				809FD3D32400D37900BE0518 /* NSObject+Debounce.swift */,
			);
			path = Extensions;
			sourceTree = "<group>";
		};
		8000CD242400C07300D5A954 /* NavigationBar */ = {
			isa = PBXGroup;
			children = (
				8000CD222400C06B00D5A954 /* TrailingNavigationBarItems.swift */,
				8000CD252400C0E700D5A954 /* SettingsSheetToggleButton.swift */,
			);
			path = NavigationBar;
			sourceTree = "<group>";
		};
		8000CD272400C1B300D5A954 /* Settings */ = {
			isa = PBXGroup;
			children = (
				8000CD282400C1DA00D5A954 /* SettingsSheet.swift */,
			);
			path = Settings;
			sourceTree = "<group>";
		};
		806DE2EA23F33EE500CAF468 = {
			isa = PBXGroup;
			children = (
				806DE2F523F33EE500CAF468 /* SDAClient */,
				806DE2F423F33EE500CAF468 /* Products */,
			);
			sourceTree = "<group>";
		};
		806DE2F423F33EE500CAF468 /* Products */ = {
			isa = PBXGroup;
			children = (
				806DE2F323F33EE500CAF468 /* SDAClient.app */,
			);
			name = Products;
			sourceTree = "<group>";
		};
		806DE2F523F33EE500CAF468 /* SDAClient */ = {
			isa = PBXGroup;
			children = (
				80791E302400AC42006B4203 /* Environment */,
				8000CD1D2400BC2E00D5A954 /* Extensions */,
				80791E2F2400AC32006B4203 /* Views */,
				80B265BC2400AD2F0051AE88 /* Models */,
				806DE2F623F33EE500CAF468 /* AppDelegate.swift */,
				806DE2F823F33EE500CAF468 /* SceneDelegate.swift */,
				806DE2FC23F33EE600CAF468 /* Assets.xcassets */,
				806DE30123F33EE600CAF468 /* LaunchScreen.storyboard */,
				806DE30423F33EE600CAF468 /* Info.plist */,
				806DE2FE23F33EE600CAF468 /* Preview Content */,
			);
			path = SDAClient;
			sourceTree = "<group>";
		};
		806DE2FE23F33EE600CAF468 /* Preview Content */ = {
			isa = PBXGroup;
			children = (
				806DE2FF23F33EE600CAF468 /* Preview Assets.xcassets */,
			);
			path = "Preview Content";
			sourceTree = "<group>";
		};
		80791E2F2400AC32006B4203 /* Views */ = {
			isa = PBXGroup;
			children = (
				8000CD272400C1B300D5A954 /* Settings */,
				8000CD242400C07300D5A954 /* NavigationBar */,
				80791E312400AC83006B4203 /* Search */,
				80791E342400ACBF006B4203 /* Results */,
				80B265C52400BA6D0051AE88 /* Indicators */,
				806DE2FA23F33EE500CAF468 /* ContentView.swift */,
			);
			path = Views;
			sourceTree = "<group>";
		};
		80791E302400AC42006B4203 /* Environment */ = {
			isa = PBXGroup;
			children = (
				80791E2D2400ABB2006B4203 /* AppState.swift */,
				80B265BF2400AE970051AE88 /* Constants.swift */,
			);
			path = Environment;
			sourceTree = "<group>";
		};
		80791E312400AC83006B4203 /* Search */ = {
			isa = PBXGroup;
			children = (
				80791E322400AC8E006B4203 /* SearchBar.swift */,
				8000CD202400BEFF00D5A954 /* ListHeader.swift */,
			);
			path = Search;
			sourceTree = "<group>";
		};
		80791E342400ACBF006B4203 /* Results */ = {
			isa = PBXGroup;
			children = (
				8000CD2A2400C83600D5A954 /* SearchResultDetail.swift */,
				8000CD2C2400C91700D5A954 /* SearchResultDetailItem.swift */,
				80791E352400ACD2006B4203 /* SearchResultListItem.swift */,
			);
			path = Results;
			sourceTree = "<group>";
		};
		80B265BC2400AD2F0051AE88 /* Models */ = {
			isa = PBXGroup;
			children = (
				80B265BD2400AD410051AE88 /* SearchResult.swift */,
				80B265C12400AED40051AE88 /* SearchQuery.swift */,
			);
			path = Models;
			sourceTree = "<group>";
		};
		80B265C52400BA6D0051AE88 /* Indicators */ = {
			isa = PBXGroup;
			children = (
				80B265C32400BA680051AE88 /* SystemActivityIndicator.swift */,
			);
			path = Indicators;
			sourceTree = "<group>";
		};
/* End PBXGroup section */

/* Begin PBXNativeTarget section */
		806DE2F223F33EE500CAF468 /* SDAClient */ = {
			isa = PBXNativeTarget;
			buildConfigurationList = 806DE30723F33EE600CAF468 /* Build configuration list for PBXNativeTarget "SDAClient" */;
			buildPhases = (
				806DE2EF23F33EE500CAF468 /* Sources */,
				806DE2F023F33EE500CAF468 /* Frameworks */,
				806DE2F123F33EE500CAF468 /* Resources */,
			);
			buildRules = (
			);
			dependencies = (
			);
			name = SDAClient;
			productName = SDAClient;
			productReference = 806DE2F323F33EE500CAF468 /* SDAClient.app */;
			productType = "com.apple.product-type.application";
		};
/* End PBXNativeTarget section */

/* Begin PBXProject section */
		806DE2EB23F33EE500CAF468 /* Project object */ = {
			isa = PBXProject;
			attributes = {
				LastSwiftUpdateCheck = 1130;
				LastUpgradeCheck = 1130;
				ORGANIZATIONNAME = "Lukas Romsicki";
				TargetAttributes = {
					806DE2F223F33EE500CAF468 = {
						CreatedOnToolsVersion = 11.3.1;
					};
				};
			};
			buildConfigurationList = 806DE2EE23F33EE500CAF468 /* Build configuration list for PBXProject "SDAClient" */;
			compatibilityVersion = "Xcode 9.3";
			developmentRegion = en;
			hasScannedForEncodings = 0;
			knownRegions = (
				en,
				Base,
			);
			mainGroup = 806DE2EA23F33EE500CAF468;
			productRefGroup = 806DE2F423F33EE500CAF468 /* Products */;
			projectDirPath = "";
			projectRoot = "";
			targets = (
				806DE2F223F33EE500CAF468 /* SDAClient */,
			);
		};
/* End PBXProject section */

/* Begin PBXResourcesBuildPhase section */
		806DE2F123F33EE500CAF468 /* Resources */ = {
			isa = PBXResourcesBuildPhase;
			buildActionMask = 2147483647;
			files = (
				806DE30323F33EE600CAF468 /* LaunchScreen.storyboard in Resources */,
				806DE30023F33EE600CAF468 /* Preview Assets.xcassets in Resources */,
				806DE2FD23F33EE600CAF468 /* Assets.xcassets in Resources */,
			);
			runOnlyForDeploymentPostprocessing = 0;
		};
/* End PBXResourcesBuildPhase section */

/* Begin PBXSourcesBuildPhase section */
		806DE2EF23F33EE500CAF468 /* Sources */ = {
			isa = PBXSourcesBuildPhase;
			buildActionMask = 2147483647;
			files = (
				806DE2F723F33EE500CAF468 /* AppDelegate.swift in Sources */,
				80B265BE2400AD410051AE88 /* SearchResult.swift in Sources */,
				80791E362400ACD2006B4203 /* SearchResultListItem.swift in Sources */,
				8000CD232400C06B00D5A954 /* TrailingNavigationBarItems.swift in Sources */,
				806DE2F923F33EE500CAF468 /* SceneDelegate.swift in Sources */,
				8000CD2D2400C91700D5A954 /* SearchResultDetailItem.swift in Sources */,
				809FD3D42400D37900BE0518 /* NSObject+Debounce.swift in Sources */,
				8000CD212400BEFF00D5A954 /* ListHeader.swift in Sources */,
				8000CD262400C0E700D5A954 /* SettingsSheetToggleButton.swift in Sources */,
				8000CD1F2400BC3D00D5A954 /* URLSession+CancelAll.swift in Sources */,
				80791E332400AC8E006B4203 /* SearchBar.swift in Sources */,
				8000CD292400C1DA00D5A954 /* SettingsSheet.swift in Sources */,
				806DE2FB23F33EE500CAF468 /* ContentView.swift in Sources */,
				8000CD2B2400C83600D5A954 /* SearchResultDetail.swift in Sources */,
				80791E2E2400ABB2006B4203 /* AppState.swift in Sources */,
				80B265C42400BA680051AE88 /* SystemActivityIndicator.swift in Sources */,
				80B265C02400AE970051AE88 /* Constants.swift in Sources */,
				80B265C22400AED40051AE88 /* SearchQuery.swift in Sources */,
			);
			runOnlyForDeploymentPostprocessing = 0;
		};
/* End PBXSourcesBuildPhase section */

/* Begin PBXVariantGroup section */
		806DE30123F33EE600CAF468 /* LaunchScreen.storyboard */ = {
			isa = PBXVariantGroup;
			children = (
				806DE30223F33EE600CAF468 /* Base */,
			);
			name = LaunchScreen.storyboard;
			sourceTree = "<group>";
		};
/* End PBXVariantGroup section */

/* Begin XCBuildConfiguration section */
		806DE30523F33EE600CAF468 /* Debug */ = {
			isa = XCBuildConfiguration;
			buildSettings = {
				ALWAYS_SEARCH_USER_PATHS = NO;
				CLANG_ANALYZER_NONNULL = YES;
				CLANG_ANALYZER_NUMBER_OBJECT_CONVERSION = YES_AGGRESSIVE;
				CLANG_CXX_LANGUAGE_STANDARD = "gnu++14";
				CLANG_CXX_LIBRARY = "libc++";
				CLANG_ENABLE_MODULES = YES;
				CLANG_ENABLE_OBJC_ARC = YES;
				CLANG_ENABLE_OBJC_WEAK = YES;
				CLANG_WARN_BLOCK_CAPTURE_AUTORELEASING = YES;
				CLANG_WARN_BOOL_CONVERSION = YES;
				CLANG_WARN_COMMA = YES;
				CLANG_WARN_CONSTANT_CONVERSION = YES;
				CLANG_WARN_DEPRECATED_OBJC_IMPLEMENTATIONS = YES;
				CLANG_WARN_DIRECT_OBJC_ISA_USAGE = YES_ERROR;
				CLANG_WARN_DOCUMENTATION_COMMENTS = YES;
				CLANG_WARN_EMPTY_BODY = YES;
				CLANG_WARN_ENUM_CONVERSION = YES;
				CLANG_WARN_INFINITE_RECURSION = YES;
				CLANG_WARN_INT_CONVERSION = YES;
				CLANG_WARN_NON_LITERAL_NULL_CONVERSION = YES;
				CLANG_WARN_OBJC_IMPLICIT_RETAIN_SELF = YES;
				CLANG_WARN_OBJC_LITERAL_CONVERSION = YES;
				CLANG_WARN_OBJC_ROOT_CLASS = YES_ERROR;
				CLANG_WARN_RANGE_LOOP_ANALYSIS = YES;
				CLANG_WARN_STRICT_PROTOTYPES = YES;
				CLANG_WARN_SUSPICIOUS_MOVE = YES;
				CLANG_WARN_UNGUARDED_AVAILABILITY = YES_AGGRESSIVE;
				CLANG_WARN_UNREACHABLE_CODE = YES;
				CLANG_WARN__DUPLICATE_METHOD_MATCH = YES;
				COPY_PHASE_STRIP = NO;
				DEBUG_INFORMATION_FORMAT = dwarf;
				ENABLE_STRICT_OBJC_MSGSEND = YES;
				ENABLE_TESTABILITY = YES;
				GCC_C_LANGUAGE_STANDARD = gnu11;
				GCC_DYNAMIC_NO_PIC = NO;
				GCC_NO_COMMON_BLOCKS = YES;
				GCC_OPTIMIZATION_LEVEL = 0;
				GCC_PREPROCESSOR_DEFINITIONS = (
					"DEBUG=1",
					"$(inherited)",
				);
				GCC_WARN_64_TO_32_BIT_CONVERSION = YES;
				GCC_WARN_ABOUT_RETURN_TYPE = YES_ERROR;
				GCC_WARN_UNDECLARED_SELECTOR = YES;
				GCC_WARN_UNINITIALIZED_AUTOS = YES_AGGRESSIVE;
				GCC_WARN_UNUSED_FUNCTION = YES;
				GCC_WARN_UNUSED_VARIABLE = YES;
				IPHONEOS_DEPLOYMENT_TARGET = 13.2;
				MTL_ENABLE_DEBUG_INFO = INCLUDE_SOURCE;
				MTL_FAST_MATH = YES;
				ONLY_ACTIVE_ARCH = YES;
				SDKROOT = iphoneos;
				SWIFT_ACTIVE_COMPILATION_CONDITIONS = DEBUG;
				SWIFT_OPTIMIZATION_LEVEL = "-Onone";
			};
			name = Debug;
		};
		806DE30623F33EE600CAF468 /* Release */ = {
			isa = XCBuildConfiguration;
			buildSettings = {
				ALWAYS_SEARCH_USER_PATHS = NO;
				CLANG_ANALYZER_NONNULL = YES;
				CLANG_ANALYZER_NUMBER_OBJECT_CONVERSION = YES_AGGRESSIVE;
				CLANG_CXX_LANGUAGE_STANDARD = "gnu++14";
				CLANG_CXX_LIBRARY = "libc++";
				CLANG_ENABLE_MODULES = YES;
				CLANG_ENABLE_OBJC_ARC = YES;
				CLANG_ENABLE_OBJC_WEAK = YES;
				CLANG_WARN_BLOCK_CAPTURE_AUTORELEASING = YES;
				CLANG_WARN_BOOL_CONVERSION = YES;
				CLANG_WARN_COMMA = YES;
				CLANG_WARN_CONSTANT_CONVERSION = YES;
				CLANG_WARN_DEPRECATED_OBJC_IMPLEMENTATIONS = YES;
				CLANG_WARN_DIRECT_OBJC_ISA_USAGE = YES_ERROR;
				CLANG_WARN_DOCUMENTATION_COMMENTS = YES;
				CLANG_WARN_EMPTY_BODY = YES;
				CLANG_WARN_ENUM_CONVERSION = YES;
				CLANG_WARN_INFINITE_RECURSION = YES;
				CLANG_WARN_INT_CONVERSION = YES;
				CLANG_WARN_NON_LITERAL_NULL_CONVERSION = YES;
				CLANG_WARN_OBJC_IMPLICIT_RETAIN_SELF = YES;
				CLANG_WARN_OBJC_LITERAL_CONVERSION = YES;
				CLANG_WARN_OBJC_ROOT_CLASS = YES_ERROR;
				CLANG_WARN_RANGE_LOOP_ANALYSIS = YES;
				CLANG_WARN_STRICT_PROTOTYPES = YES;
				CLANG_WARN_SUSPICIOUS_MOVE = YES;
				CLANG_WARN_UNGUARDED_AVAILABILITY = YES_AGGRESSIVE;
				CLANG_WARN_UNREACHABLE_CODE = YES;
				CLANG_WARN__DUPLICATE_METHOD_MATCH = YES;
				COPY_PHASE_STRIP = NO;
				DEBUG_INFORMATION_FORMAT = "dwarf-with-dsym";
				ENABLE_NS_ASSERTIONS = NO;
				ENABLE_STRICT_OBJC_MSGSEND = YES;
				GCC_C_LANGUAGE_STANDARD = gnu11;
				GCC_NO_COMMON_BLOCKS = YES;
				GCC_WARN_64_TO_32_BIT_CONVERSION = YES;
				GCC_WARN_ABOUT_RETURN_TYPE = YES_ERROR;
				GCC_WARN_UNDECLARED_SELECTOR = YES;
				GCC_WARN_UNINITIALIZED_AUTOS = YES_AGGRESSIVE;
				GCC_WARN_UNUSED_FUNCTION = YES;
				GCC_WARN_UNUSED_VARIABLE = YES;
				IPHONEOS_DEPLOYMENT_TARGET = 13.2;
				MTL_ENABLE_DEBUG_INFO = NO;
				MTL_FAST_MATH = YES;
				SDKROOT = iphoneos;
				SWIFT_COMPILATION_MODE = wholemodule;
				SWIFT_OPTIMIZATION_LEVEL = "-O";
				VALIDATE_PRODUCT = YES;
			};
			name = Release;
		};
		806DE30823F33EE600CAF468 /* Debug */ = {
			isa = XCBuildConfiguration;
			buildSettings = {
				ASSETCATALOG_COMPILER_APPICON_NAME = AppIcon;
				CODE_SIGN_STYLE = Automatic;
				DEVELOPMENT_ASSET_PATHS = "\"SDAClient/Preview Content\"";
				ENABLE_PREVIEWS = YES;
				INFOPLIST_FILE = SDAClient/Info.plist;
				LD_RUNPATH_SEARCH_PATHS = (
					"$(inherited)",
					"@executable_path/Frameworks",
				);
				PRODUCT_BUNDLE_IDENTIFIER = com.romsicki.SDAClient;
				PRODUCT_NAME = "$(TARGET_NAME)";
				SWIFT_VERSION = 5.0;
				TARGETED_DEVICE_FAMILY = "1,2";
			};
			name = Debug;
		};
		806DE30923F33EE600CAF468 /* Release */ = {
			isa = XCBuildConfiguration;
			buildSettings = {
				ASSETCATALOG_COMPILER_APPICON_NAME = AppIcon;
				CODE_SIGN_STYLE = Automatic;
				DEVELOPMENT_ASSET_PATHS = "\"SDAClient/Preview Content\"";
				ENABLE_PREVIEWS = YES;
				INFOPLIST_FILE = SDAClient/Info.plist;
				LD_RUNPATH_SEARCH_PATHS = (
					"$(inherited)",
					"@executable_path/Frameworks",
				);
				PRODUCT_BUNDLE_IDENTIFIER = com.romsicki.SDAClient;
				PRODUCT_NAME = "$(TARGET_NAME)";
				SWIFT_VERSION = 5.0;
				TARGETED_DEVICE_FAMILY = "1,2";
			};
			name = Release;
		};
/* End XCBuildConfiguration section */

/* Begin XCConfigurationList section */
		806DE2EE23F33EE500CAF468 /* Build configuration list for PBXProject "SDAClient" */ = {
			isa = XCConfigurationList;
			buildConfigurations = (
				806DE30523F33EE600CAF468 /* Debug */,
				806DE30623F33EE600CAF468 /* Release */,
			);
			defaultConfigurationIsVisible = 0;
			defaultConfigurationName = Release;
		};
		806DE30723F33EE600CAF468 /* Build configuration list for PBXNativeTarget "SDAClient" */ = {
			isa = XCConfigurationList;
			buildConfigurations = (
				806DE30823F33EE600CAF468 /* Debug */,
				806DE30923F33EE600CAF468 /* Release */,
			);
			defaultConfigurationIsVisible = 0;
			defaultConfigurationName = Release;
		};
/* End XCConfigurationList section */
	};
	rootObject = 806DE2EB23F33EE500CAF468 /* Project object */;
}
